
Microsoft Visual Studio Solution File, Format Version 12.00
# Visual Studio Version 17
VisualStudioVersion = 17.5.33414.496
MinimumVisualStudioVersion = 10.0.40219.1
Project("{9A19103F-16F7-4668-BE54-9A1E7A4F7556}") = "Tests", "Tests.csproj", "{E6295933-2D4C-49C8-A616-E6E606C1BCF3}"
EndProject
Project("{FAE04EC0-301F-11D3-BF4B-00C04F79EFBC}") = "Core", "Core\Core.csproj", "{13F59DAC-6A6E-4772-91DE-E835BAE341EE}"
EndProject
Global
	GlobalSection(SolutionConfigurationPlatforms) = preSolution
		Debug|Any CPU = Debug|Any CPU
		Release|Any CPU = Release|Any CPU
	EndGlobalSection
	GlobalSection(ProjectConfigurationPlatforms) = postSolution
		{E6295933-2D4C-49C8-A616-E6E606C1BCF3}.Debug|Any CPU.ActiveCfg = Debug|Any CPU
		{E6295933-2D4C-49C8-A616-E6E606C1BCF3}.Debug|Any CPU.Build.0 = Debug|Any CPU
		{E6295933-2D4C-49C8-A616-E6E606C1BCF3}.Release|Any CPU.ActiveCfg = Release|Any CPU
		{E6295933-2D4C-49C8-A616-E6E606C1BCF3}.Release|Any CPU.Build.0 = Release|Any CPU
		{13F59DAC-6A6E-4772-91DE-E835BAE341EE}.Debug|Any CPU.ActiveCfg = Debug|Any CPU
		{13F59DAC-6A6E-4772-91DE-E835BAE341EE}.Debug|Any CPU.Build.0 = Debug|Any CPU
		{13F59DAC-6A6E-4772-91DE-E835BAE341EE}.Release|Any CPU.ActiveCfg = Release|Any CPU
		{13F59DAC-6A6E-4772-91DE-E835BAE341EE}.Release|Any CPU.Build.0 = Release|Any CPU
	EndGlobalSection
	GlobalSection(SolutionProperties) = preSolution
		HideSolutionNode = FALSE
	EndGlobalSection
	GlobalSection(ExtensibilityGlobals) = postSolution
		SolutionGuid = {6241B884-74C5-4FEF-A9D7-5E6C71B01C4D}
	EndGlobalSection
EndGlobal
